<?xml version="1.0" encoding="utf-8"?>
<Project xmlns="http://schemas.microsoft.com/developer/msbuild/2003">
  <ItemGroup>
    <Filter Include="Generated Files">
      <UniqueIdentifier>{71ED8ED8-ACB9-4CE9-BBE1-E00B30144E11}</UniqueIdentifier>
      <Extensions>cpp;c;cxx;moc;h;def;odl;idl;res;</Extensions>
    </Filter>
    <Filter Include="Generated Files">
      <UniqueIdentifier>{71ED8ED8-ACB9-4CE9-BBE1-E00B30144E11}</UniqueIdentifier>
      <Extensions>cpp;c;cxx;moc;h;def;odl;idl;res;</Extensions>
    </Filter>
    <Filter Include="Header Files">
      <UniqueIdentifier>{93995380-89BD-4b04-88EB-625FBE52EBFB}</UniqueIdentifier>
      <Extensions>h;hpp;hxx;hm;inl;inc;xsd</Extensions>
    </Filter>
    <Filter Include="Header Files">
      <UniqueIdentifier>{93995380-89BD-4b04-88EB-625FBE52EBFB}</UniqueIdentifier>
      <Extensions>h;hpp;hxx;hm;inl;inc;xsd</Extensions>
    </Filter>
    <Filter Include="Source Files">
      <UniqueIdentifier>{4FC737F1-C7A5-4376-A066-2A32D752A2FF}</UniqueIdentifier>
      <Extensions>cpp;c;cxx;def;odl;idl;hpj;bat;asm;asmx</Extensions>
    </Filter>
    <Filter Include="Source Files">
      <UniqueIdentifier>{4FC737F1-C7A5-4376-A066-2A32D752A2FF}</UniqueIdentifier>
      <Extensions>cpp;c;cxx;def;odl;idl;hpj;bat;asm;asmx</Extensions>
    </Filter>
  </ItemGroup>
  <ItemGroup>
    <ClCompile Include="src\Classification\Color.cpp">
      <Filter>Source Files</Filter>
    </ClCompile>
    <ClCompile Include="src\Classification\Display.cpp">
      <Filter>Source Files</Filter>
    </ClCompile>
    <ClCompile Include="src\main\FastTrackball.cpp">
      <Filter>Source Files</Filter>
    </ClCompile>
    <ClCompile Include="src\Classification\FileRead.cpp">
      <Filter>Source Files</Filter>
    </ClCompile>
    <ClCompile Include="src\Classification\OctreeSerial.cpp">
      <Filter>Source Files</Filter>
    </ClCompile>
    <ClCompile Include="src\main\ParameterWidget.cpp">
      <Filter>Source Files</Filter>
    </ClCompile>
    <ClCompile Include="src\Classification\Processing.cpp">
      <Filter>Source Files</Filter>
    </ClCompile>
    <ClCompile Include="src\main\Strucparam.cpp">
      <Filter>Source Files</Filter>
    </ClCompile>
    <ClCompile Include="src\main\TreeWidget.cpp">
      <Filter>Source Files</Filter>
    </ClCompile>
    <ClCompile Include="src\main\XmdvTool.cpp">
      <Filter>Source Files</Filter>
    </ClCompile>
    <ClCompile Include="src\Classification\boundarytensor.cpp">
      <Filter>Source Files</Filter>
    </ClCompile>
    <ClCompile Include="src\Classification\covariancematrix.cpp">
      <Filter>Source Files</Filter>
    </ClCompile>
    <ClCompile Include="src\Classification\covariancematrix2d.cpp">
      <Filter>Source Files</Filter>
    </ClCompile>
    <ClCompile Include="src\Classification\diffusednormalvoting.cpp">
      <Filter>Source Files</Filter>
    </ClCompile>
    <ClCompile Include="src\main\doubleSlider.cpp">
      <Filter>Source Files</Filter>
    </ClCompile>
    <ClCompile Include="src\main\glwidget.cpp">
      <Filter>Source Files</Filter>
    </ClCompile>
    <ClCompile Include="src\Classification\graph.cpp">
      <Filter>Source Files</Filter>
    </ClCompile>
    <ClCompile Include="src\Classification\hessian.cpp">
      <Filter>Source Files</Filter>
    </ClCompile>
    <ClCompile Include="src\main\mainwindow.cpp">
      <Filter>Source Files</Filter>
    </ClCompile>
    <ClCompile Include="src\Classification\modcovariancematrix.cpp">
      <Filter>Source Files</Filter>
    </ClCompile>
    <ClCompile Include="src\Classification\tensor2d.cpp">
      <Filter>Source Files</Filter>
    </ClCompile>
    <ClCompile Include="src\Classification\tensor3dVoting.cpp">
      <Filter>Source Files</Filter>
    </ClCompile>
    <ClCompile Include="src\Classification\utils.cpp">
      <Filter>Source Files</Filter>
    </ClCompile>
    <ClCompile Include="src\Classification\DiffusedOptimal.cpp">
      <Filter>Source Files</Filter>
    </ClCompile>
    <ClCompile Include="CoVarianceOptimal.cpp">
      <Filter>Source Files</Filter>
    </ClCompile>
    <ClCompile Include="Classifier.cpp">
      <Filter>Source Files</Filter>
    </ClCompile>
    <ClCompile Include="ClassifiersFactory.cpp">
      <Filter>Source Files</Filter>
    </ClCompile>
    <ClCompile Include="SearchNeighbour.cpp">
      <Filter>Source Files</Filter>
    </ClCompile>
    <ClCompile Include="SearchNeighbourFactory.cpp">
      <Filter>Source Files</Filter>
    </ClCompile>
    <ClCompile Include="SearchNeighbourOctTree.cpp">
      <Filter>Source Files</Filter>
    </ClCompile>
    <ClCompile Include="Configuration.cpp">
      <Filter>Source Files</Filter>
    </ClCompile>
    <ClCompile Include="DiffusedNormalVotingClassifier.cpp">
      <Filter>Source Files</Filter>
    </ClCompile>
    <ClCompile Include="CovarianceMatrixClassifier.cpp">
      <Filter>Source Files</Filter>
    </ClCompile>
  </ItemGroup>
  <ItemGroup>
    <ClInclude Include="src\Classification\Color.h">
      <Filter>Header Files</Filter>
    </ClInclude>
    <ClInclude Include="src\Classification\Display.h">
      <Filter>Header Files</Filter>
    </ClInclude>
    <ClInclude Include="src\main\FastTrackball.h">
      <Filter>Header Files</Filter>
    </ClInclude>
    <ClInclude Include="src\Classification\FileRead.h">
      <Filter>Header Files</Filter>
    </ClInclude>
    <ClInclude Include="src\Classification\OctreeSerial.h">
      <Filter>Header Files</Filter>
    </ClInclude>
    <QtMoc Include="src\main\ParameterWidget.h">
      <Filter>Header Files</Filter>
    </QtMoc>
    <ClInclude Include="src\Classification\Processing.h">
      <Filter>Header Files</Filter>
    </ClInclude>
    <QtMoc Include="src\main\Strucparam.h">
      <Filter>Header Files</Filter>
    </QtMoc>
    <QtMoc Include="src\main\TreeWidget.h">
      <Filter>Header Files</Filter>
    </QtMoc>
    <ClInclude Include="src\Classification\boundarytensor.h">
      <Filter>Header Files</Filter>
    </ClInclude>
    <ClInclude Include="src\Classification\covariancematrix.h">
      <Filter>Header Files</Filter>
    </ClInclude>
    <ClInclude Include="src\Classification\covariancematrix2d.h">
      <Filter>Header Files</Filter>
    </ClInclude>
    <ClInclude Include="src\Classification\cutil_math.h">
      <Filter>Header Files</Filter>
    </ClInclude>
    <ClInclude Include="src\Classification\data_type.h">
      <Filter>Header Files</Filter>
    </ClInclude>
    <ClInclude Include="src\Classification\diffusednormalvoting.h">
      <Filter>Header Files</Filter>
    </ClInclude>
    <QtMoc Include="src\main\doubleSlider.h">
      <Filter>Header Files</Filter>
    </QtMoc>
    <ClInclude Include="src\Classification\eig3.h">
      <Filter>Header Files</Filter>
    </ClInclude>
    <QtMoc Include="src\main\glwidget.h">
      <Filter>Header Files</Filter>
    </QtMoc>
    <ClInclude Include="src\Classification\graph.h">
      <Filter>Header Files</Filter>
    </ClInclude>
    <ClInclude Include="src\Classification\hessian.h">
      <Filter>Header Files</Filter>
    </ClInclude>
    <QtMoc Include="src\main\mainwindow.h">
      <Filter>Header Files</Filter>
    </QtMoc>
    <ClInclude Include="src\Classification\modcovariancematrix.h">
      <Filter>Header Files</Filter>
    </ClInclude>
    <ClInclude Include="src\Classification\octree_pointcloud.h">
      <Filter>Header Files</Filter>
    </ClInclude>
    <ClInclude Include="src\Classification\pcl_common.h">
      <Filter>Header Files</Filter>
    </ClInclude>
    <ClInclude Include="src\Classification\tensor2d.h">
      <Filter>Header Files</Filter>
    </ClInclude>
    <ClInclude Include="src\Classification\tensor3dVoting.h">
      <Filter>Header Files</Filter>
    </ClInclude>
    <ClInclude Include="src\Classification\utils.h">
      <Filter>Header Files</Filter>
    </ClInclude>
    <ClInclude Include="src\Classification\DiffusedOptimal.h">
      <Filter>Header Files</Filter>
    </ClInclude>
    <ClInclude Include="CoVarianceOptimal.h">
      <Filter>Header Files</Filter>
    </ClInclude>
    <ClInclude Include="Classifier.h">
      <Filter>Header Files</Filter>
    </ClInclude>
    <ClInclude Include="ClassifiersFactory.h">
      <Filter>Header Files</Filter>
    </ClInclude>
    <ClInclude Include="resource.h">
      <Filter>Generated Files</Filter>
    </ClInclude>
    <ClInclude Include="ClassifierTypes.h">
      <Filter>Header Files</Filter>
    </ClInclude>
    <ClInclude Include="SearchNeighbour.h">
      <Filter>Header Files</Filter>
    </ClInclude>
    <ClInclude Include="SearchNeighbourFactory.h">
      <Filter>Header Files</Filter>
    </ClInclude>
    <ClInclude Include="SearchStructure.h">
      <Filter>Header Files</Filter>
    </ClInclude>
    <ClInclude Include="SearchType.h">
      <Filter>Header Files</Filter>
    </ClInclude>
    <ClInclude Include="SearchNeighbourOctTree.h">
      <Filter>Header Files</Filter>
    </ClInclude>
    <ClInclude Include="Configuration.h">
      <Filter>Header Files</Filter>
    </ClInclude>
    <ClInclude Include="ProcessRequest.h">
      <Filter>Header Files</Filter>
    </ClInclude>
    <ClInclude Include="DiffusedNormalVotingClassifier.h">
      <Filter>Header Files</Filter>
    </ClInclude>
    <ClInclude Include="CovarianceMatrixClassifier.h">
      <Filter>Header Files</Filter>
    </ClInclude>
  </ItemGroup>
  <ItemGroup>
    <CustomBuild Include="debug\moc_predefs.h.cbt">
      <Filter>Generated Files</Filter>
    </CustomBuild>
    <CustomBuild Include="release\moc_predefs.h.cbt">
      <Filter>Generated Files</Filter>
    </CustomBuild>
  </ItemGroup>
  <ItemGroup>
    <ResourceCompile Include="ModCovarianceMatrix.rc" />
  </ItemGroup>
</Project>